
Microsoft Visual Studio Solution File, Format Version 12.00
# Visual Studio Version 17
VisualStudioVersion = 17.7.34031.279
MinimumVisualStudioVersion = 10.0.40219.1
Project("{FAE04EC0-301F-11D3-BF4B-00C04F79EFBC}") = "Laldy_MaquihaCostes_RossignolTravelAgency", "Laldy_MaquihaCostes_RossignolTravelAgency.csproj", "{3A7A6F25-7B6D-4088-9F17-80AF178823D4}"
EndProject
Project("{FAE04EC0-301F-11D3-BF4B-00C04F79EFBC}") = "Laldy_MaquihaCostes_RossignolTravelAgency.Business", "..\Laldy_MaquihaCostes_RossignolTravelAgency.Business\Laldy_MaquihaCostes_RossignolTravelAgency.Business.csproj", "{D4618D17-971B-42D7-BAE0-3575A7B41ED6}"
EndProject
Project("{FAE04EC0-301F-11D3-BF4B-00C04F79EFBC}") = "Laldy_MaquihaCostes_RossignolTravelAgency.Data", "..\Laldy_MaquihaCostes_RossignolTravelAgency.Data\Laldy_MaquihaCostes_RossignolTravelAgency.Data.csproj", "{855FBEEA-02EC-48AA-87B3-AC7B7F97FFBF}"
EndProject
Global
	GlobalSection(SolutionConfigurationPlatforms) = preSolution
		Debug|Any CPU = Debug|Any CPU
		Release|Any CPU = Release|Any CPU
	EndGlobalSection
	GlobalSection(ProjectConfigurationPlatforms) = postSolution
		{3A7A6F25-7B6D-4088-9F17-80AF178823D4}.Debug|Any CPU.ActiveCfg = Debug|Any CPU
		{3A7A6F25-7B6D-4088-9F17-80AF178823D4}.Debug|Any CPU.Build.0 = Debug|Any CPU
		{3A7A6F25-7B6D-4088-9F17-80AF178823D4}.Release|Any CPU.ActiveCfg = Release|Any CPU
		{3A7A6F25-7B6D-4088-9F17-80AF178823D4}.Release|Any CPU.Build.0 = Release|Any CPU
		{D4618D17-971B-42D7-BAE0-3575A7B41ED6}.Debug|Any CPU.ActiveCfg = Debug|Any CPU
		{D4618D17-971B-42D7-BAE0-3575A7B41ED6}.Debug|Any CPU.Build.0 = Debug|Any CPU
		{D4618D17-971B-42D7-BAE0-3575A7B41ED6}.Release|Any CPU.ActiveCfg = Release|Any CPU
		{D4618D17-971B-42D7-BAE0-3575A7B41ED6}.Release|Any CPU.Build.0 = Release|Any CPU
		{855FBEEA-02EC-48AA-87B3-AC7B7F97FFBF}.Debug|Any CPU.ActiveCfg = Debug|Any CPU
		{855FBEEA-02EC-48AA-87B3-AC7B7F97FFBF}.Debug|Any CPU.Build.0 = Debug|Any CPU
		{855FBEEA-02EC-48AA-87B3-AC7B7F97FFBF}.Release|Any CPU.ActiveCfg = Release|Any CPU
		{855FBEEA-02EC-48AA-87B3-AC7B7F97FFBF}.Release|Any CPU.Build.0 = Release|Any CPU
	EndGlobalSection
	GlobalSection(SolutionProperties) = preSolution
		HideSolutionNode = FALSE
	EndGlobalSection
	GlobalSection(ExtensibilityGlobals) = postSolution
		SolutionGuid = {1FF22EA5-7A9A-43FA-901F-9F5242620814}
	EndGlobalSection
EndGlobal
